
Microsoft Visual Studio Solution File, Format Version 12.00
# Visual Studio Version 17
VisualStudioVersion = 17.3.32804.467
MinimumVisualStudioVersion = 10.0.40219.1
Project("{FAE04EC0-301F-11D3-BF4B-00C04F79EFBC}") = "spw-first-webapp", "spw-first-webapp.csproj", "{BBE3B2F9-A98B-464D-A210-3A7C177A189B}"
EndProject
Global
	GlobalSection(SolutionConfigurationPlatforms) = preSolution
		Debug|Any CPU = Debug|Any CPU
		Release|Any CPU = Release|Any CPU
	EndGlobalSection
	GlobalSection(ProjectConfigurationPlatforms) = postSolution
		{BBE3B2F9-A98B-464D-A210-3A7C177A189B}.Debug|Any CPU.ActiveCfg = Debug|Any CPU
		{BBE3B2F9-A98B-464D-A210-3A7C177A189B}.Debug|Any CPU.Build.0 = Debug|Any CPU
		{BBE3B2F9-A98B-464D-A210-3A7C177A189B}.Release|Any CPU.ActiveCfg = Release|Any CPU
		{BBE3B2F9-A98B-464D-A210-3A7C177A189B}.Release|Any CPU.Build.0 = Release|Any CPU
	EndGlobalSection
	GlobalSection(SolutionProperties) = preSolution
		HideSolutionNode = FALSE
	EndGlobalSection
	GlobalSection(ExtensibilityGlobals) = postSolution
		SolutionGuid = {C0BDA12C-0F60-413B-97DE-0806DD7BFDB1}
	EndGlobalSection
EndGlobal
